
Microsoft Visual Studio Solution File, Format Version 12.00
# Visual Studio Version 16
VisualStudioVersion = 16.0.30907.101
MinimumVisualStudioVersion = 10.0.40219.1
Project("{FAE04EC0-301F-11D3-BF4B-00C04F79EFBC}") = "DemoProject", "DemoProject\DemoProject.csproj", "{CE5462CA-A3E9-41B6-BF6B-43EA2697D726}"
EndProject
Global
	GlobalSection(SolutionConfigurationPlatforms) = preSolution
		Debug|Any CPU = Debug|Any CPU
		Release|Any CPU = Release|Any CPU
	EndGlobalSection
	GlobalSection(ProjectConfigurationPlatforms) = postSolution
		{CE5462CA-A3E9-41B6-BF6B-43EA2697D726}.Debug|Any CPU.ActiveCfg = Debug|Any CPU
		{CE5462CA-A3E9-41B6-BF6B-43EA2697D726}.Debug|Any CPU.Build.0 = Debug|Any CPU
		{CE5462CA-A3E9-41B6-BF6B-43EA2697D726}.Release|Any CPU.ActiveCfg = Release|Any CPU
		{CE5462CA-A3E9-41B6-BF6B-43EA2697D726}.Release|Any CPU.Build.0 = Release|Any CPU
	EndGlobalSection
	GlobalSection(SolutionProperties) = preSolution
		HideSolutionNode = FALSE
	EndGlobalSection
	GlobalSection(ExtensibilityGlobals) = postSolution
		SolutionGuid = {4E4BA2C8-4770-4679-B1E6-71E74BFB638E}
	EndGlobalSection
EndGlobal
